
Microsoft Visual Studio Solution File, Format Version 12.00
# Visual Studio 15
VisualStudioVersion = 15.0.27703.2000
MinimumVisualStudioVersion = 10.0.40219.1
Project("{FAE04EC0-301F-11D3-BF4B-00C04F79EFBC}") = "Res1.Android", "Res1\Res1.Android\Res1.Android.csproj", "{D72676AE-7CEF-49F6-9566-E9B9F8116A00}"
EndProject
Project("{FAE04EC0-301F-11D3-BF4B-00C04F79EFBC}") = "Res1.iOS", "Res1\Res1.iOS\Res1.iOS.csproj", "{28AA1CF5-6CAB-42C6-BB26-6CE572B256AC}"
EndProject
Project("{FAE04EC0-301F-11D3-BF4B-00C04F79EFBC}") = "Res1.UWP", "Res1\Res1.UWP\Res1.UWP.csproj", "{02C37316-6CB9-4101-AC68-8B44BC00E3A8}"
EndProject
Project("{FAE04EC0-301F-11D3-BF4B-00C04F79EFBC}") = "Res1", "Res1\Res1\Res1.csproj", "{1DF9A9AD-CD46-4B6F-ADD1-584DA7654CA0}"
EndProject
Global
	GlobalSection(SolutionConfigurationPlatforms) = preSolution
		Ad-Hoc|Any CPU = Ad-Hoc|Any CPU
		Ad-Hoc|ARM = Ad-Hoc|ARM
		Ad-Hoc|iPhone = Ad-Hoc|iPhone
		Ad-Hoc|iPhoneSimulator = Ad-Hoc|iPhoneSimulator
		Ad-Hoc|x64 = Ad-Hoc|x64
		Ad-Hoc|x86 = Ad-Hoc|x86
		AppStore|Any CPU = AppStore|Any CPU
		AppStore|ARM = AppStore|ARM
		AppStore|iPhone = AppStore|iPhone
		AppStore|iPhoneSimulator = AppStore|iPhoneSimulator
		AppStore|x64 = AppStore|x64
		AppStore|x86 = AppStore|x86
		Debug|Any CPU = Debug|Any CPU
		Debug|ARM = Debug|ARM
		Debug|iPhone = Debug|iPhone
		Debug|iPhoneSimulator = Debug|iPhoneSimulator
		Debug|x64 = Debug|x64
		Debug|x86 = Debug|x86
		Release|Any CPU = Release|Any CPU
		Release|ARM = Release|ARM
		Release|iPhone = Release|iPhone
		Release|iPhoneSimulator = Release|iPhoneSimulator
		Release|x64 = Release|x64
		Release|x86 = Release|x86
	EndGlobalSection
	GlobalSection(ProjectConfigurationPlatforms) = postSolution
		{D72676AE-7CEF-49F6-9566-E9B9F8116A00}.Ad-Hoc|Any CPU.ActiveCfg = Release|Any CPU
		{D72676AE-7CEF-49F6-9566-E9B9F8116A00}.Ad-Hoc|Any CPU.Build.0 = Release|Any CPU
		{D72676AE-7CEF-49F6-9566-E9B9F8116A00}.Ad-Hoc|Any CPU.Deploy.0 = Release|Any CPU
		{D72676AE-7CEF-49F6-9566-E9B9F8116A00}.Ad-Hoc|ARM.ActiveCfg = Release|Any CPU
		{D72676AE-7CEF-49F6-9566-E9B9F8116A00}.Ad-Hoc|ARM.Build.0 = Release|Any CPU
		{D72676AE-7CEF-49F6-9566-E9B9F8116A00}.Ad-Hoc|ARM.Deploy.0 = Release|Any CPU
		{D72676AE-7CEF-49F6-9566-E9B9F8116A00}.Ad-Hoc|iPhone.ActiveCfg = Release|Any CPU
		{D72676AE-7CEF-49F6-9566-E9B9F8116A00}.Ad-Hoc|iPhone.Build.0 = Release|Any CPU
		{D72676AE-7CEF-49F6-9566-E9B9F8116A00}.Ad-Hoc|iPhone.Deploy.0 = Release|Any CPU
		{D72676AE-7CEF-49F6-9566-E9B9F8116A00}.Ad-Hoc|iPhoneSimulator.ActiveCfg = Release|Any CPU
		{D72676AE-7CEF-49F6-9566-E9B9F8116A00}.Ad-Hoc|iPhoneSimulator.Build.0 = Release|Any CPU
		{D72676AE-7CEF-49F6-9566-E9B9F8116A00}.Ad-Hoc|iPhoneSimulator.Deploy.0 = Release|Any CPU
		{D72676AE-7CEF-49F6-9566-E9B9F8116A00}.Ad-Hoc|x64.ActiveCfg = Release|Any CPU
		{D72676AE-7CEF-49F6-9566-E9B9F8116A00}.Ad-Hoc|x64.Build.0 = Release|Any CPU
		{D72676AE-7CEF-49F6-9566-E9B9F8116A00}.Ad-Hoc|x64.Deploy.0 = Release|Any CPU
		{D72676AE-7CEF-49F6-9566-E9B9F8116A00}.Ad-Hoc|x86.ActiveCfg = Release|Any CPU
		{D72676AE-7CEF-49F6-9566-E9B9F8116A00}.Ad-Hoc|x86.Build.0 = Release|Any CPU
		{D72676AE-7CEF-49F6-9566-E9B9F8116A00}.Ad-Hoc|x86.Deploy.0 = Release|Any CPU
		{D72676AE-7CEF-49F6-9566-E9B9F8116A00}.AppStore|Any CPU.ActiveCfg = Release|Any CPU
		{D72676AE-7CEF-49F6-9566-E9B9F8116A00}.AppStore|Any CPU.Build.0 = Release|Any CPU
		{D72676AE-7CEF-49F6-9566-E9B9F8116A00}.AppStore|Any CPU.Deploy.0 = Release|Any CPU
		{D72676AE-7CEF-49F6-9566-E9B9F8116A00}.AppStore|ARM.ActiveCfg = Release|Any CPU
		{D72676AE-7CEF-49F6-9566-E9B9F8116A00}.AppStore|ARM.Build.0 = Release|Any CPU
		{D72676AE-7CEF-49F6-9566-E9B9F8116A00}.AppStore|ARM.Deploy.0 = Release|Any CPU
		{D72676AE-7CEF-49F6-9566-E9B9F8116A00}.AppStore|iPhone.ActiveCfg = Release|Any CPU
		{D72676AE-7CEF-49F6-9566-E9B9F8116A00}.AppStore|iPhone.Build.0 = Release|Any CPU
		{D72676AE-7CEF-49F6-9566-E9B9F8116A00}.AppStore|iPhone.Deploy.0 = Release|Any CPU
		{D72676AE-7CEF-49F6-9566-E9B9F8116A00}.AppStore|iPhoneSimulator.ActiveCfg = Release|Any CPU
		{D72676AE-7CEF-49F6-9566-E9B9F8116A00}.AppStore|iPhoneSimulator.Build.0 = Release|Any CPU
		{D72676AE-7CEF-49F6-9566-E9B9F8116A00}.AppStore|iPhoneSimulator.Deploy.0 = Release|Any CPU
		{D72676AE-7CEF-49F6-9566-E9B9F8116A00}.AppStore|x64.ActiveCfg = Release|Any CPU
		{D72676AE-7CEF-49F6-9566-E9B9F8116A00}.AppStore|x64.Build.0 = Release|Any CPU
		{D72676AE-7CEF-49F6-9566-E9B9F8116A00}.AppStore|x64.Deploy.0 = Release|Any CPU
		{D72676AE-7CEF-49F6-9566-E9B9F8116A00}.AppStore|x86.ActiveCfg = Release|Any CPU
		{D72676AE-7CEF-49F6-9566-E9B9F8116A00}.AppStore|x86.Build.0 = Release|Any CPU
		{D72676AE-7CEF-49F6-9566-E9B9F8116A00}.AppStore|x86.Deploy.0 = Release|Any CPU
		{D72676AE-7CEF-49F6-9566-E9B9F8116A00}.Debug|Any CPU.ActiveCfg = Debug|Any CPU
		{D72676AE-7CEF-49F6-9566-E9B9F8116A00}.Debug|Any CPU.Build.0 = Debug|Any CPU
		{D72676AE-7CEF-49F6-9566-E9B9F8116A00}.Debug|Any CPU.Deploy.0 = Debug|Any CPU
		{D72676AE-7CEF-49F6-9566-E9B9F8116A00}.Debug|ARM.ActiveCfg = Debug|Any CPU
		{D72676AE-7CEF-49F6-9566-E9B9F8116A00}.Debug|ARM.Build.0 = Debug|Any CPU
		{D72676AE-7CEF-49F6-9566-E9B9F8116A00}.Debug|ARM.Deploy.0 = Debug|Any CPU
		{D72676AE-7CEF-49F6-9566-E9B9F8116A00}.Debug|iPhone.ActiveCfg = Debug|Any CPU
		{D72676AE-7CEF-49F6-9566-E9B9F8116A00}.Debug|iPhone.Build.0 = Debug|Any CPU
		{D72676AE-7CEF-49F6-9566-E9B9F8116A00}.Debug|iPhone.Deploy.0 = Debug|Any CPU
		{D72676AE-7CEF-49F6-9566-E9B9F8116A00}.Debug|iPhoneSimulator.ActiveCfg = Debug|Any CPU
		{D72676AE-7CEF-49F6-9566-E9B9F8116A00}.Debug|iPhoneSimulator.Build.0 = Debug|Any CPU
		{D72676AE-7CEF-49F6-9566-E9B9F8116A00}.Debug|iPhoneSimulator.Deploy.0 = Debug|Any CPU
		{D72676AE-7CEF-49F6-9566-E9B9F8116A00}.Debug|x64.ActiveCfg = Debug|Any CPU
		{D72676AE-7CEF-49F6-9566-E9B9F8116A00}.Debug|x64.Build.0 = Debug|Any CPU
		{D72676AE-7CEF-49F6-9566-E9B9F8116A00}.Debug|x64.Deploy.0 = Debug|Any CPU
		{D72676AE-7CEF-49F6-9566-E9B9F8116A00}.Debug|x86.ActiveCfg = Debug|Any CPU
		{D72676AE-7CEF-49F6-9566-E9B9F8116A00}.Debug|x86.Build.0 = Debug|Any CPU
		{D72676AE-7CEF-49F6-9566-E9B9F8116A00}.Debug|x86.Deploy.0 = Debug|Any CPU
		{D72676AE-7CEF-49F6-9566-E9B9F8116A00}.Release|Any CPU.ActiveCfg = Release|Any CPU
		{D72676AE-7CEF-49F6-9566-E9B9F8116A00}.Release|Any CPU.Build.0 = Release|Any CPU
		{D72676AE-7CEF-49F6-9566-E9B9F8116A00}.Release|Any CPU.Deploy.0 = Release|Any CPU
		{D72676AE-7CEF-49F6-9566-E9B9F8116A00}.Release|ARM.ActiveCfg = Release|Any CPU
		{D72676AE-7CEF-49F6-9566-E9B9F8116A00}.Release|ARM.Build.0 = Release|Any CPU
		{D72676AE-7CEF-49F6-9566-E9B9F8116A00}.Release|ARM.Deploy.0 = Release|Any CPU
		{D72676AE-7CEF-49F6-9566-E9B9F8116A00}.Release|iPhone.ActiveCfg = Release|Any CPU
		{D72676AE-7CEF-49F6-9566-E9B9F8116A00}.Release|iPhone.Build.0 = Release|Any CPU
		{D72676AE-7CEF-49F6-9566-E9B9F8116A00}.Release|iPhone.Deploy.0 = Release|Any CPU
		{D72676AE-7CEF-49F6-9566-E9B9F8116A00}.Release|iPhoneSimulator.ActiveCfg = Release|Any CPU
		{D72676AE-7CEF-49F6-9566-E9B9F8116A00}.Release|iPhoneSimulator.Build.0 = Release|Any CPU
		{D72676AE-7CEF-49F6-9566-E9B9F8116A00}.Release|iPhoneSimulator.Deploy.0 = Release|Any CPU
		{D72676AE-7CEF-49F6-9566-E9B9F8116A00}.Release|x64.ActiveCfg = Release|Any CPU
		{D72676AE-7CEF-49F6-9566-E9B9F8116A00}.Release|x64.Build.0 = Release|Any CPU
		{D72676AE-7CEF-49F6-9566-E9B9F8116A00}.Release|x64.Deploy.0 = Release|Any CPU
		{D72676AE-7CEF-49F6-9566-E9B9F8116A00}.Release|x86.ActiveCfg = Release|Any CPU
		{D72676AE-7CEF-49F6-9566-E9B9F8116A00}.Release|x86.Build.0 = Release|Any CPU
		{D72676AE-7CEF-49F6-9566-E9B9F8116A00}.Release|x86.Deploy.0 = Release|Any CPU
		{28AA1CF5-6CAB-42C6-BB26-6CE572B256AC}.Ad-Hoc|Any CPU.ActiveCfg = Ad-Hoc|iPhone
		{28AA1CF5-6CAB-42C6-BB26-6CE572B256AC}.Ad-Hoc|Any CPU.Build.0 = Ad-Hoc|iPhone
		{28AA1CF5-6CAB-42C6-BB26-6CE572B256AC}.Ad-Hoc|Any CPU.Deploy.0 = Ad-Hoc|iPhone
		{28AA1CF5-6CAB-42C6-BB26-6CE572B256AC}.Ad-Hoc|ARM.ActiveCfg = Ad-Hoc|iPhone
		{28AA1CF5-6CAB-42C6-BB26-6CE572B256AC}.Ad-Hoc|ARM.Build.0 = Ad-Hoc|iPhone
		{28AA1CF5-6CAB-42C6-BB26-6CE572B256AC}.Ad-Hoc|ARM.Deploy.0 = Ad-Hoc|iPhone
		{28AA1CF5-6CAB-42C6-BB26-6CE572B256AC}.Ad-Hoc|iPhone.ActiveCfg = Ad-Hoc|iPhone
		{28AA1CF5-6CAB-42C6-BB26-6CE572B256AC}.Ad-Hoc|iPhone.Build.0 = Ad-Hoc|iPhone
		{28AA1CF5-6CAB-42C6-BB26-6CE572B256AC}.Ad-Hoc|iPhone.Deploy.0 = Ad-Hoc|iPhone
		{28AA1CF5-6CAB-42C6-BB26-6CE572B256AC}.Ad-Hoc|iPhoneSimulator.ActiveCfg = Ad-Hoc|iPhoneSimulator
		{28AA1CF5-6CAB-42C6-BB26-6CE572B256AC}.Ad-Hoc|iPhoneSimulator.Build.0 = Ad-Hoc|iPhoneSimulator
		{28AA1CF5-6CAB-42C6-BB26-6CE572B256AC}.Ad-Hoc|iPhoneSimulator.Deploy.0 = Ad-Hoc|iPhoneSimulator
		{28AA1CF5-6CAB-42C6-BB26-6CE572B256AC}.Ad-Hoc|x64.ActiveCfg = Ad-Hoc|iPhone
		{28AA1CF5-6CAB-42C6-BB26-6CE572B256AC}.Ad-Hoc|x64.Build.0 = Ad-Hoc|iPhone
		{28AA1CF5-6CAB-42C6-BB26-6CE572B256AC}.Ad-Hoc|x64.Deploy.0 = Ad-Hoc|iPhone
		{28AA1CF5-6CAB-42C6-BB26-6CE572B256AC}.Ad-Hoc|x86.ActiveCfg = Ad-Hoc|iPhone
		{28AA1CF5-6CAB-42C6-BB26-6CE572B256AC}.Ad-Hoc|x86.Build.0 = Ad-Hoc|iPhone
		{28AA1CF5-6CAB-42C6-BB26-6CE572B256AC}.Ad-Hoc|x86.Deploy.0 = Ad-Hoc|iPhone
		{28AA1CF5-6CAB-42C6-BB26-6CE572B256AC}.AppStore|Any CPU.ActiveCfg = AppStore|iPhone
		{28AA1CF5-6CAB-42C6-BB26-6CE572B256AC}.AppStore|Any CPU.Build.0 = AppStore|iPhone
		{28AA1CF5-6CAB-42C6-BB26-6CE572B256AC}.AppStore|Any CPU.Deploy.0 = AppStore|iPhone
		{28AA1CF5-6CAB-42C6-BB26-6CE572B256AC}.AppStore|ARM.ActiveCfg = AppStore|iPhone
		{28AA1CF5-6CAB-42C6-BB26-6CE572B256AC}.AppStore|ARM.Build.0 = AppStore|iPhone
		{28AA1CF5-6CAB-42C6-BB26-6CE572B256AC}.AppStore|ARM.Deploy.0 = AppStore|iPhone
		{28AA1CF5-6CAB-42C6-BB26-6CE572B256AC}.AppStore|iPhone.ActiveCfg = AppStore|iPhone
		{28AA1CF5-6CAB-42C6-BB26-6CE572B256AC}.AppStore|iPhone.Build.0 = AppStore|iPhone
		{28AA1CF5-6CAB-42C6-BB26-6CE572B256AC}.AppStore|iPhone.Deploy.0 = AppStore|iPhone
		{28AA1CF5-6CAB-42C6-BB26-6CE572B256AC}.AppStore|iPhoneSimulator.ActiveCfg = AppStore|iPhoneSimulator
		{28AA1CF5-6CAB-42C6-BB26-6CE572B256AC}.AppStore|iPhoneSimulator.Build.0 = AppStore|iPhoneSimulator
		{28AA1CF5-6CAB-42C6-BB26-6CE572B256AC}.AppStore|iPhoneSimulator.Deploy.0 = AppStore|iPhoneSimulator
		{28AA1CF5-6CAB-42C6-BB26-6CE572B256AC}.AppStore|x64.ActiveCfg = AppStore|iPhone
		{28AA1CF5-6CAB-42C6-BB26-6CE572B256AC}.AppStore|x64.Build.0 = AppStore|iPhone
		{28AA1CF5-6CAB-42C6-BB26-6CE572B256AC}.AppStore|x64.Deploy.0 = AppStore|iPhone
		{28AA1CF5-6CAB-42C6-BB26-6CE572B256AC}.AppStore|x86.ActiveCfg = AppStore|iPhone
		{28AA1CF5-6CAB-42C6-BB26-6CE572B256AC}.AppStore|x86.Build.0 = AppStore|iPhone
		{28AA1CF5-6CAB-42C6-BB26-6CE572B256AC}.AppStore|x86.Deploy.0 = AppStore|iPhone
		{28AA1CF5-6CAB-42C6-BB26-6CE572B256AC}.Debug|Any CPU.ActiveCfg = Debug|iPhoneSimulator
		{28AA1CF5-6CAB-42C6-BB26-6CE572B256AC}.Debug|Any CPU.Build.0 = Debug|iPhoneSimulator
		{28AA1CF5-6CAB-42C6-BB26-6CE572B256AC}.Debug|Any CPU.Deploy.0 = Debug|iPhoneSimulator
		{28AA1CF5-6CAB-42C6-BB26-6CE572B256AC}.Debug|ARM.ActiveCfg = Debug|iPhone
		{28AA1CF5-6CAB-42C6-BB26-6CE572B256AC}.Debug|ARM.Build.0 = Debug|iPhone
		{28AA1CF5-6CAB-42C6-BB26-6CE572B256AC}.Debug|ARM.Deploy.0 = Debug|iPhone
		{28AA1CF5-6CAB-42C6-BB26-6CE572B256AC}.Debug|iPhone.ActiveCfg = Debug|iPhone
		{28AA1CF5-6CAB-42C6-BB26-6CE572B256AC}.Debug|iPhone.Build.0 = Debug|iPhone
		{28AA1CF5-6CAB-42C6-BB26-6CE572B256AC}.Debug|iPhone.Deploy.0 = Debug|iPhone
		{28AA1CF5-6CAB-42C6-BB26-6CE572B256AC}.Debug|iPhoneSimulator.ActiveCfg = Debug|iPhoneSimulator
		{28AA1CF5-6CAB-42C6-BB26-6CE572B256AC}.Debug|iPhoneSimulator.Build.0 = Debug|iPhoneSimulator
		{28AA1CF5-6CAB-42C6-BB26-6CE572B256AC}.Debug|iPhoneSimulator.Deploy.0 = Debug|iPhoneSimulator
		{28AA1CF5-6CAB-42C6-BB26-6CE572B256AC}.Debug|x64.ActiveCfg = Debug|iPhone
		{28AA1CF5-6CAB-42C6-BB26-6CE572B256AC}.Debug|x64.Build.0 = Debug|iPhone
		{28AA1CF5-6CAB-42C6-BB26-6CE572B256AC}.Debug|x64.Deploy.0 = Debug|iPhone
		{28AA1CF5-6CAB-42C6-BB26-6CE572B256AC}.Debug|x86.ActiveCfg = Debug|iPhone
		{28AA1CF5-6CAB-42C6-BB26-6CE572B256AC}.Debug|x86.Build.0 = Debug|iPhone
		{28AA1CF5-6CAB-42C6-BB26-6CE572B256AC}.Debug|x86.Deploy.0 = Debug|iPhone
		{28AA1CF5-6CAB-42C6-BB26-6CE572B256AC}.Release|Any CPU.ActiveCfg = Release|iPhone
		{28AA1CF5-6CAB-42C6-BB26-6CE572B256AC}.Release|Any CPU.Build.0 = Release|iPhone
		{28AA1CF5-6CAB-42C6-BB26-6CE572B256AC}.Release|Any CPU.Deploy.0 = Release|iPhone
		{28AA1CF5-6CAB-42C6-BB26-6CE572B256AC}.Release|ARM.ActiveCfg = Release|iPhone
		{28AA1CF5-6CAB-42C6-BB26-6CE572B256AC}.Release|ARM.Build.0 = Release|iPhone
		{28AA1CF5-6CAB-42C6-BB26-6CE572B256AC}.Release|ARM.Deploy.0 = Release|iPhone
		{28AA1CF5-6CAB-42C6-BB26-6CE572B256AC}.Release|iPhone.ActiveCfg = Release|iPhone
		{28AA1CF5-6CAB-42C6-BB26-6CE572B256AC}.Release|iPhone.Build.0 = Release|iPhone
		{28AA1CF5-6CAB-42C6-BB26-6CE572B256AC}.Release|iPhone.Deploy.0 = Release|iPhone
		{28AA1CF5-6CAB-42C6-BB26-6CE572B256AC}.Release|iPhoneSimulator.ActiveCfg = Release|iPhoneSimulator
		{28AA1CF5-6CAB-42C6-BB26-6CE572B256AC}.Release|iPhoneSimulator.Build.0 = Release|iPhoneSimulator
		{28AA1CF5-6CAB-42C6-BB26-6CE572B256AC}.Release|iPhoneSimulator.Deploy.0 = Release|iPhoneSimulator
		{28AA1CF5-6CAB-42C6-BB26-6CE572B256AC}.Release|x64.ActiveCfg = Release|iPhone
		{28AA1CF5-6CAB-42C6-BB26-6CE572B256AC}.Release|x64.Build.0 = Release|iPhone
		{28AA1CF5-6CAB-42C6-BB26-6CE572B256AC}.Release|x64.Deploy.0 = Release|iPhone
		{28AA1CF5-6CAB-42C6-BB26-6CE572B256AC}.Release|x86.ActiveCfg = Release|iPhone
		{28AA1CF5-6CAB-42C6-BB26-6CE572B256AC}.Release|x86.Build.0 = Release|iPhone
		{28AA1CF5-6CAB-42C6-BB26-6CE572B256AC}.Release|x86.Deploy.0 = Release|iPhone
		{02C37316-6CB9-4101-AC68-8B44BC00E3A8}.Ad-Hoc|Any CPU.ActiveCfg = Release|x86
		{02C37316-6CB9-4101-AC68-8B44BC00E3A8}.Ad-Hoc|Any CPU.Build.0 = Release|x86
		{02C37316-6CB9-4101-AC68-8B44BC00E3A8}.Ad-Hoc|Any CPU.Deploy.0 = Release|x86
		{02C37316-6CB9-4101-AC68-8B44BC00E3A8}.Ad-Hoc|ARM.ActiveCfg = Release|ARM
		{02C37316-6CB9-4101-AC68-8B44BC00E3A8}.Ad-Hoc|ARM.Build.0 = Release|ARM
		{02C37316-6CB9-4101-AC68-8B44BC00E3A8}.Ad-Hoc|ARM.Deploy.0 = Release|ARM
		{02C37316-6CB9-4101-AC68-8B44BC00E3A8}.Ad-Hoc|iPhone.ActiveCfg = Release|x86
		{02C37316-6CB9-4101-AC68-8B44BC00E3A8}.Ad-Hoc|iPhone.Build.0 = Release|x86
		{02C37316-6CB9-4101-AC68-8B44BC00E3A8}.Ad-Hoc|iPhone.Deploy.0 = Release|x86
		{02C37316-6CB9-4101-AC68-8B44BC00E3A8}.Ad-Hoc|iPhoneSimulator.ActiveCfg = Release|x86
		{02C37316-6CB9-4101-AC68-8B44BC00E3A8}.Ad-Hoc|iPhoneSimulator.Build.0 = Release|x86
		{02C37316-6CB9-4101-AC68-8B44BC00E3A8}.Ad-Hoc|iPhoneSimulator.Deploy.0 = Release|x86
		{02C37316-6CB9-4101-AC68-8B44BC00E3A8}.Ad-Hoc|x64.ActiveCfg = Release|x64
		{02C37316-6CB9-4101-AC68-8B44BC00E3A8}.Ad-Hoc|x64.Build.0 = Release|x64
		{02C37316-6CB9-4101-AC68-8B44BC00E3A8}.Ad-Hoc|x64.Deploy.0 = Release|x64
		{02C37316-6CB9-4101-AC68-8B44BC00E3A8}.Ad-Hoc|x86.ActiveCfg = Release|x86
		{02C37316-6CB9-4101-AC68-8B44BC00E3A8}.Ad-Hoc|x86.Build.0 = Release|x86
		{02C37316-6CB9-4101-AC68-8B44BC00E3A8}.Ad-Hoc|x86.Deploy.0 = Release|x86
		{02C37316-6CB9-4101-AC68-8B44BC00E3A8}.AppStore|Any CPU.ActiveCfg = Release|x86
		{02C37316-6CB9-4101-AC68-8B44BC00E3A8}.AppStore|Any CPU.Build.0 = Release|x86
		{02C37316-6CB9-4101-AC68-8B44BC00E3A8}.AppStore|Any CPU.Deploy.0 = Release|x86
		{02C37316-6CB9-4101-AC68-8B44BC00E3A8}.AppStore|ARM.ActiveCfg = Release|ARM
		{02C37316-6CB9-4101-AC68-8B44BC00E3A8}.AppStore|ARM.Build.0 = Release|ARM
		{02C37316-6CB9-4101-AC68-8B44BC00E3A8}.AppStore|ARM.Deploy.0 = Release|ARM
		{02C37316-6CB9-4101-AC68-8B44BC00E3A8}.AppStore|iPhone.ActiveCfg = Release|x86
		{02C37316-6CB9-4101-AC68-8B44BC00E3A8}.AppStore|iPhone.Build.0 = Release|x86
		{02C37316-6CB9-4101-AC68-8B44BC00E3A8}.AppStore|iPhone.Deploy.0 = Release|x86
		{02C37316-6CB9-4101-AC68-8B44BC00E3A8}.AppStore|iPhoneSimulator.ActiveCfg = Release|x86
		{02C37316-6CB9-4101-AC68-8B44BC00E3A8}.AppStore|iPhoneSimulator.Build.0 = Release|x86
		{02C37316-6CB9-4101-AC68-8B44BC00E3A8}.AppStore|iPhoneSimulator.Deploy.0 = Release|x86
		{02C37316-6CB9-4101-AC68-8B44BC00E3A8}.AppStore|x64.ActiveCfg = Release|x64
		{02C37316-6CB9-4101-AC68-8B44BC00E3A8}.AppStore|x64.Build.0 = Release|x64
		{02C37316-6CB9-4101-AC68-8B44BC00E3A8}.AppStore|x64.Deploy.0 = Release|x64
		{02C37316-6CB9-4101-AC68-8B44BC00E3A8}.AppStore|x86.ActiveCfg = Release|x86
		{02C37316-6CB9-4101-AC68-8B44BC00E3A8}.AppStore|x86.Build.0 = Release|x86
		{02C37316-6CB9-4101-AC68-8B44BC00E3A8}.AppStore|x86.Deploy.0 = Release|x86
		{02C37316-6CB9-4101-AC68-8B44BC00E3A8}.Debug|Any CPU.ActiveCfg = Debug|x86
		{02C37316-6CB9-4101-AC68-8B44BC00E3A8}.Debug|Any CPU.Build.0 = Debug|x86
		{02C37316-6CB9-4101-AC68-8B44BC00E3A8}.Debug|Any CPU.Deploy.0 = Debug|x86
		{02C37316-6CB9-4101-AC68-8B44BC00E3A8}.Debug|ARM.ActiveCfg = Debug|ARM
		{02C37316-6CB9-4101-AC68-8B44BC00E3A8}.Debug|ARM.Build.0 = Debug|ARM
		{02C37316-6CB9-4101-AC68-8B44BC00E3A8}.Debug|ARM.Deploy.0 = Debug|ARM
		{02C37316-6CB9-4101-AC68-8B44BC00E3A8}.Debug|iPhone.ActiveCfg = Debug|x86
		{02C37316-6CB9-4101-AC68-8B44BC00E3A8}.Debug|iPhone.Build.0 = Debug|x86
		{02C37316-6CB9-4101-AC68-8B44BC00E3A8}.Debug|iPhone.Deploy.0 = Debug|x86
		{02C37316-6CB9-4101-AC68-8B44BC00E3A8}.Debug|iPhoneSimulator.ActiveCfg = Debug|x86
		{02C37316-6CB9-4101-AC68-8B44BC00E3A8}.Debug|iPhoneSimulator.Build.0 = Debug|x86
		{02C37316-6CB9-4101-AC68-8B44BC00E3A8}.Debug|iPhoneSimulator.Deploy.0 = Debug|x86
		{02C37316-6CB9-4101-AC68-8B44BC00E3A8}.Debug|x64.ActiveCfg = Debug|x64
		{02C37316-6CB9-4101-AC68-8B44BC00E3A8}.Debug|x64.Build.0 = Debug|x64
		{02C37316-6CB9-4101-AC68-8B44BC00E3A8}.Debug|x64.Deploy.0 = Debug|x64
		{02C37316-6CB9-4101-AC68-8B44BC00E3A8}.Debug|x86.ActiveCfg = Debug|x86
		{02C37316-6CB9-4101-AC68-8B44BC00E3A8}.Debug|x86.Build.0 = Debug|x86
		{02C37316-6CB9-4101-AC68-8B44BC00E3A8}.Debug|x86.Deploy.0 = Debug|x86
		{02C37316-6CB9-4101-AC68-8B44BC00E3A8}.Release|Any CPU.ActiveCfg = Release|x86
		{02C37316-6CB9-4101-AC68-8B44BC00E3A8}.Release|Any CPU.Build.0 = Release|x86
		{02C37316-6CB9-4101-AC68-8B44BC00E3A8}.Release|Any CPU.Deploy.0 = Release|x86
		{02C37316-6CB9-4101-AC68-8B44BC00E3A8}.Release|ARM.ActiveCfg = Release|ARM
		{02C37316-6CB9-4101-AC68-8B44BC00E3A8}.Release|ARM.Build.0 = Release|ARM
		{02C37316-6CB9-4101-AC68-8B44BC00E3A8}.Release|ARM.Deploy.0 = Release|ARM
		{02C37316-6CB9-4101-AC68-8B44BC00E3A8}.Release|iPhone.ActiveCfg = Release|x86
		{02C37316-6CB9-4101-AC68-8B44BC00E3A8}.Release|iPhone.Build.0 = Release|x86
		{02C37316-6CB9-4101-AC68-8B44BC00E3A8}.Release|iPhone.Deploy.0 = Release|x86
		{02C37316-6CB9-4101-AC68-8B44BC00E3A8}.Release|iPhoneSimulator.ActiveCfg = Release|x86
		{02C37316-6CB9-4101-AC68-8B44BC00E3A8}.Release|iPhoneSimulator.Build.0 = Release|x86
		{02C37316-6CB9-4101-AC68-8B44BC00E3A8}.Release|iPhoneSimulator.Deploy.0 = Release|x86
		{02C37316-6CB9-4101-AC68-8B44BC00E3A8}.Release|x64.ActiveCfg = Release|x64
		{02C37316-6CB9-4101-AC68-8B44BC00E3A8}.Release|x64.Build.0 = Release|x64
		{02C37316-6CB9-4101-AC68-8B44BC00E3A8}.Release|x64.Deploy.0 = Release|x64
		{02C37316-6CB9-4101-AC68-8B44BC00E3A8}.Release|x86.ActiveCfg = Release|x86
		{02C37316-6CB9-4101-AC68-8B44BC00E3A8}.Release|x86.Build.0 = Release|x86
		{02C37316-6CB9-4101-AC68-8B44BC00E3A8}.Release|x86.Deploy.0 = Release|x86
		{1DF9A9AD-CD46-4B6F-ADD1-584DA7654CA0}.Ad-Hoc|Any CPU.ActiveCfg = Debug|Any CPU
		{1DF9A9AD-CD46-4B6F-ADD1-584DA7654CA0}.Ad-Hoc|Any CPU.Build.0 = Debug|Any CPU
		{1DF9A9AD-CD46-4B6F-ADD1-584DA7654CA0}.Ad-Hoc|Any CPU.Deploy.0 = Debug|Any CPU
		{1DF9A9AD-CD46-4B6F-ADD1-584DA7654CA0}.Ad-Hoc|ARM.ActiveCfg = Debug|Any CPU
		{1DF9A9AD-CD46-4B6F-ADD1-584DA7654CA0}.Ad-Hoc|ARM.Build.0 = Debug|Any CPU
		{1DF9A9AD-CD46-4B6F-ADD1-584DA7654CA0}.Ad-Hoc|ARM.Deploy.0 = Debug|Any CPU
		{1DF9A9AD-CD46-4B6F-ADD1-584DA7654CA0}.Ad-Hoc|iPhone.ActiveCfg = Debug|Any CPU
		{1DF9A9AD-CD46-4B6F-ADD1-584DA7654CA0}.Ad-Hoc|iPhone.Build.0 = Debug|Any CPU
		{1DF9A9AD-CD46-4B6F-ADD1-584DA7654CA0}.Ad-Hoc|iPhone.Deploy.0 = Debug|Any CPU
		{1DF9A9AD-CD46-4B6F-ADD1-584DA7654CA0}.Ad-Hoc|iPhoneSimulator.ActiveCfg = Debug|Any CPU
		{1DF9A9AD-CD46-4B6F-ADD1-584DA7654CA0}.Ad-Hoc|iPhoneSimulator.Build.0 = Debug|Any CPU
		{1DF9A9AD-CD46-4B6F-ADD1-584DA7654CA0}.Ad-Hoc|iPhoneSimulator.Deploy.0 = Debug|Any CPU
		{1DF9A9AD-CD46-4B6F-ADD1-584DA7654CA0}.Ad-Hoc|x64.ActiveCfg = Debug|Any CPU
		{1DF9A9AD-CD46-4B6F-ADD1-584DA7654CA0}.Ad-Hoc|x64.Build.0 = Debug|Any CPU
		{1DF9A9AD-CD46-4B6F-ADD1-584DA7654CA0}.Ad-Hoc|x64.Deploy.0 = Debug|Any CPU
		{1DF9A9AD-CD46-4B6F-ADD1-584DA7654CA0}.Ad-Hoc|x86.ActiveCfg = Debug|Any CPU
		{1DF9A9AD-CD46-4B6F-ADD1-584DA7654CA0}.Ad-Hoc|x86.Build.0 = Debug|Any CPU
		{1DF9A9AD-CD46-4B6F-ADD1-584DA7654CA0}.Ad-Hoc|x86.Deploy.0 = Debug|Any CPU
		{1DF9A9AD-CD46-4B6F-ADD1-584DA7654CA0}.AppStore|Any CPU.ActiveCfg = Debug|Any CPU
		{1DF9A9AD-CD46-4B6F-ADD1-584DA7654CA0}.AppStore|Any CPU.Build.0 = Debug|Any CPU
		{1DF9A9AD-CD46-4B6F-ADD1-584DA7654CA0}.AppStore|Any CPU.Deploy.0 = Debug|Any CPU
		{1DF9A9AD-CD46-4B6F-ADD1-584DA7654CA0}.AppStore|ARM.ActiveCfg = Debug|Any CPU
		{1DF9A9AD-CD46-4B6F-ADD1-584DA7654CA0}.AppStore|ARM.Build.0 = Debug|Any CPU
		{1DF9A9AD-CD46-4B6F-ADD1-584DA7654CA0}.AppStore|ARM.Deploy.0 = Debug|Any CPU
		{1DF9A9AD-CD46-4B6F-ADD1-584DA7654CA0}.AppStore|iPhone.ActiveCfg = Debug|Any CPU
		{1DF9A9AD-CD46-4B6F-ADD1-584DA7654CA0}.AppStore|iPhone.Build.0 = Debug|Any CPU
		{1DF9A9AD-CD46-4B6F-ADD1-584DA7654CA0}.AppStore|iPhone.Deploy.0 = Debug|Any CPU
		{1DF9A9AD-CD46-4B6F-ADD1-584DA7654CA0}.AppStore|iPhoneSimulator.ActiveCfg = Debug|Any CPU
		{1DF9A9AD-CD46-4B6F-ADD1-584DA7654CA0}.AppStore|iPhoneSimulator.Build.0 = Debug|Any CPU
		{1DF9A9AD-CD46-4B6F-ADD1-584DA7654CA0}.AppStore|iPhoneSimulator.Deploy.0 = Debug|Any CPU
		{1DF9A9AD-CD46-4B6F-ADD1-584DA7654CA0}.AppStore|x64.ActiveCfg = Debug|Any CPU
		{1DF9A9AD-CD46-4B6F-ADD1-584DA7654CA0}.AppStore|x64.Build.0 = Debug|Any CPU
		{1DF9A9AD-CD46-4B6F-ADD1-584DA7654CA0}.AppStore|x64.Deploy.0 = Debug|Any CPU
		{1DF9A9AD-CD46-4B6F-ADD1-584DA7654CA0}.AppStore|x86.ActiveCfg = Debug|Any CPU
		{1DF9A9AD-CD46-4B6F-ADD1-584DA7654CA0}.AppStore|x86.Build.0 = Debug|Any CPU
		{1DF9A9AD-CD46-4B6F-ADD1-584DA7654CA0}.AppStore|x86.Deploy.0 = Debug|Any CPU
		{1DF9A9AD-CD46-4B6F-ADD1-584DA7654CA0}.Debug|Any CPU.ActiveCfg = Debug|Any CPU
		{1DF9A9AD-CD46-4B6F-ADD1-584DA7654CA0}.Debug|Any CPU.Build.0 = Debug|Any CPU
		{1DF9A9AD-CD46-4B6F-ADD1-584DA7654CA0}.Debug|Any CPU.Deploy.0 = Debug|Any CPU
		{1DF9A9AD-CD46-4B6F-ADD1-584DA7654CA0}.Debug|ARM.ActiveCfg = Debug|Any CPU
		{1DF9A9AD-CD46-4B6F-ADD1-584DA7654CA0}.Debug|ARM.Build.0 = Debug|Any CPU
		{1DF9A9AD-CD46-4B6F-ADD1-584DA7654CA0}.Debug|ARM.Deploy.0 = Debug|Any CPU
		{1DF9A9AD-CD46-4B6F-ADD1-584DA7654CA0}.Debug|iPhone.ActiveCfg = Debug|Any CPU
		{1DF9A9AD-CD46-4B6F-ADD1-584DA7654CA0}.Debug|iPhone.Build.0 = Debug|Any CPU
		{1DF9A9AD-CD46-4B6F-ADD1-584DA7654CA0}.Debug|iPhone.Deploy.0 = Debug|Any CPU
		{1DF9A9AD-CD46-4B6F-ADD1-584DA7654CA0}.Debug|iPhoneSimulator.ActiveCfg = Debug|Any CPU
		{1DF9A9AD-CD46-4B6F-ADD1-584DA7654CA0}.Debug|iPhoneSimulator.Build.0 = Debug|Any CPU
		{1DF9A9AD-CD46-4B6F-ADD1-584DA7654CA0}.Debug|iPhoneSimulator.Deploy.0 = Debug|Any CPU
		{1DF9A9AD-CD46-4B6F-ADD1-584DA7654CA0}.Debug|x64.ActiveCfg = Debug|Any CPU
		{1DF9A9AD-CD46-4B6F-ADD1-584DA7654CA0}.Debug|x64.Build.0 = Debug|Any CPU
		{1DF9A9AD-CD46-4B6F-ADD1-584DA7654CA0}.Debug|x64.Deploy.0 = Debug|Any CPU
		{1DF9A9AD-CD46-4B6F-ADD1-584DA7654CA0}.Debug|x86.ActiveCfg = Debug|Any CPU
		{1DF9A9AD-CD46-4B6F-ADD1-584DA7654CA0}.Debug|x86.Build.0 = Debug|Any CPU
		{1DF9A9AD-CD46-4B6F-ADD1-584DA7654CA0}.Debug|x86.Deploy.0 = Debug|Any CPU
		{1DF9A9AD-CD46-4B6F-ADD1-584DA7654CA0}.Release|Any CPU.ActiveCfg = Release|Any CPU
		{1DF9A9AD-CD46-4B6F-ADD1-584DA7654CA0}.Release|Any CPU.Build.0 = Release|Any CPU
		{1DF9A9AD-CD46-4B6F-ADD1-584DA7654CA0}.Release|Any CPU.Deploy.0 = Release|Any CPU
		{1DF9A9AD-CD46-4B6F-ADD1-584DA7654CA0}.Release|ARM.ActiveCfg = Release|Any CPU
		{1DF9A9AD-CD46-4B6F-ADD1-584DA7654CA0}.Release|ARM.Build.0 = Release|Any CPU
		{1DF9A9AD-CD46-4B6F-ADD1-584DA7654CA0}.Release|ARM.Deploy.0 = Release|Any CPU
		{1DF9A9AD-CD46-4B6F-ADD1-584DA7654CA0}.Release|iPhone.ActiveCfg = Release|Any CPU
		{1DF9A9AD-CD46-4B6F-ADD1-584DA7654CA0}.Release|iPhone.Build.0 = Release|Any CPU
		{1DF9A9AD-CD46-4B6F-ADD1-584DA7654CA0}.Release|iPhone.Deploy.0 = Release|Any CPU
		{1DF9A9AD-CD46-4B6F-ADD1-584DA7654CA0}.Release|iPhoneSimulator.ActiveCfg = Release|Any CPU
		{1DF9A9AD-CD46-4B6F-ADD1-584DA7654CA0}.Release|iPhoneSimulator.Build.0 = Release|Any CPU
		{1DF9A9AD-CD46-4B6F-ADD1-584DA7654CA0}.Release|iPhoneSimulator.Deploy.0 = Release|Any CPU
		{1DF9A9AD-CD46-4B6F-ADD1-584DA7654CA0}.Release|x64.ActiveCfg = Release|Any CPU
		{1DF9A9AD-CD46-4B6F-ADD1-584DA7654CA0}.Release|x64.Build.0 = Release|Any CPU
		{1DF9A9AD-CD46-4B6F-ADD1-584DA7654CA0}.Release|x64.Deploy.0 = Release|Any CPU
		{1DF9A9AD-CD46-4B6F-ADD1-584DA7654CA0}.Release|x86.ActiveCfg = Release|Any CPU
		{1DF9A9AD-CD46-4B6F-ADD1-584DA7654CA0}.Release|x86.Build.0 = Release|Any CPU
		{1DF9A9AD-CD46-4B6F-ADD1-584DA7654CA0}.Release|x86.Deploy.0 = Release|Any CPU
	EndGlobalSection
	GlobalSection(SolutionProperties) = preSolution
		HideSolutionNode = FALSE
	EndGlobalSection
	GlobalSection(ExtensibilityGlobals) = postSolution
		SolutionGuid = {B3E14876-C693-4D54-9CF9-943CF4AA8C16}
	EndGlobalSection
EndGlobal
